// !$*UTF8*$!
{
	archiveVersion = 1;
	classes = {
	};
	objectVersion = 77;
	objects = {

/* Begin PBXBuildFile section */
		3F77D0C32DA7956A0005E118 /* WatchConnectivity.framework in Frameworks */ = {isa = PBXBuildFile; fileRef = 3F77D0C22DA7956A0005E118 /* WatchConnectivity.framework */; };
		3F77D0C52DA795770005E118 /* WatchConnectivity.framework in Frameworks */ = {isa = PBXBuildFile; fileRef = 3F77D0C42DA795770005E118 /* WatchConnectivity.framework */; };
		3F7DFDF42DA792E400A6B2B8 /* PulseCompanionWatch Watch App.app in Embed Watch Content */ = {isa = PBXBuildFile; fileRef = 3F7DFDE72DA792E300A6B2B8 /* PulseCompanionWatch Watch App.app */; settings = {ATTRIBUTES = (RemoveHeadersOnCopy, ); }; };
/* End PBXBuildFile section */

/* Begin PBXContainerItemProxy section */
		3F7DFDF22DA792E400A6B2B8 /* PBXContainerItemProxy */ = {
			isa = PBXContainerItemProxy;
			containerPortal = 3F7DFD462DA78DF400A6B2B8 /* Project object */;
			proxyType = 1;
			remoteGlobalIDString = 3F7DFDE62DA792E300A6B2B8;
			remoteInfo = "PulseCompanionWatch Watch App";
		};
/* End PBXContainerItemProxy section */

/* Begin PBXCopyFilesBuildPhase section */
		3F7DFDA82DA7917800A6B2B8 /* Embed Watch Content */ = {
			isa = PBXCopyFilesBuildPhase;
			buildActionMask = 2147483647;
			dstPath = "$(CONTENTS_FOLDER_PATH)/Watch";
			dstSubfolderSpec = 16;
			files = (
				3F7DFDF42DA792E400A6B2B8 /* PulseCompanionWatch Watch App.app in Embed Watch Content */,
			);
			name = "Embed Watch Content";
			runOnlyForDeploymentPostprocessing = 0;
		};
/* End PBXCopyFilesBuildPhase section */

/* Begin PBXFileReference section */
		3F77D0C22DA7956A0005E118 /* WatchConnectivity.framework */ = {isa = PBXFileReference; lastKnownFileType = wrapper.framework; name = WatchConnectivity.framework; path = Platforms/WatchOS.platform/Developer/SDKs/WatchOS11.2.sdk/System/Library/Frameworks/WatchConnectivity.framework; sourceTree = DEVELOPER_DIR; };
		3F77D0C42DA795770005E118 /* WatchConnectivity.framework */ = {isa = PBXFileReference; lastKnownFileType = wrapper.framework; name = WatchConnectivity.framework; path = System/Library/Frameworks/WatchConnectivity.framework; sourceTree = SDKROOT; };
		3F7DFD4E2DA78DF400A6B2B8 /* Assignment7_MAD_0706012310036.app */ = {isa = PBXFileReference; explicitFileType = wrapper.application; includeInIndex = 0; path = Assignment7_MAD_0706012310036.app; sourceTree = BUILT_PRODUCTS_DIR; };
		3F7DFD702DA78FDB00A6B2B8 /* PulseCompanionMac.app */ = {isa = PBXFileReference; explicitFileType = wrapper.application; includeInIndex = 0; path = PulseCompanionMac.app; sourceTree = BUILT_PRODUCTS_DIR; };
		3F7DFDE72DA792E300A6B2B8 /* PulseCompanionWatch Watch App.app */ = {isa = PBXFileReference; explicitFileType = wrapper.application; includeInIndex = 0; path = "PulseCompanionWatch Watch App.app"; sourceTree = BUILT_PRODUCTS_DIR; };
/* End PBXFileReference section */

/* Begin PBXFileSystemSynchronizedBuildFileExceptionSet section */
		3F77D0C02DA795550005E118 /* Exceptions for "Assignment7_MAD_0706012310036" folder in "PulseCompanionWatch Watch App" target */ = {
			isa = PBXFileSystemSynchronizedBuildFileExceptionSet;
			membershipExceptions = (
				Model/BreathingModel.swift,
				NotificationExtension.swift,
				ViewModel/BreathingViewModel.swift,
			);
			target = 3F7DFDE62DA792E300A6B2B8 /* PulseCompanionWatch Watch App */;
		};
		3F77D0CF2DA799750005E118 /* Exceptions for "PulseCompanionWatch Watch App" folder in "Assignment7_MAD_0706012310036" target */ = {
			isa = PBXFileSystemSynchronizedBuildFileExceptionSet;
			membershipExceptions = (
				SessionSyncManager.swift,
			);
			target = 3F7DFD4D2DA78DF400A6B2B8 /* Assignment7_MAD_0706012310036 */;
		};
		3F7DFD802DA78FF400A6B2B8 /* Exceptions for "Assignment7_MAD_0706012310036" folder in "PulseCompanionMac" target */ = {
			isa = PBXFileSystemSynchronizedBuildFileExceptionSet;
			membershipExceptions = (
				Model/BreathingModel.swift,
				View/BreathingCircle.swift,
				ViewModel/BreathingViewModel.swift,
			);
			target = 3F7DFD6F2DA78FDB00A6B2B8 /* PulseCompanionMac */;
		};
/* End PBXFileSystemSynchronizedBuildFileExceptionSet section */

/* Begin PBXFileSystemSynchronizedRootGroup section */
		3F7DFD502DA78DF400A6B2B8 /* Assignment7_MAD_0706012310036 */ = {
			isa = PBXFileSystemSynchronizedRootGroup;
			exceptions = (
				3F7DFD802DA78FF400A6B2B8 /* Exceptions for "Assignment7_MAD_0706012310036" folder in "PulseCompanionMac" target */,
				3F77D0C02DA795550005E118 /* Exceptions for "Assignment7_MAD_0706012310036" folder in "PulseCompanionWatch Watch App" target */,
			);
			path = Assignment7_MAD_0706012310036;
			sourceTree = "<group>";
		};
		3F7DFD712DA78FDB00A6B2B8 /* PulseCompanionMac */ = {
			isa = PBXFileSystemSynchronizedRootGroup;
			path = PulseCompanionMac;
			sourceTree = "<group>";
		};
		3F7DFDE82DA792E300A6B2B8 /* PulseCompanionWatch Watch App */ = {
			isa = PBXFileSystemSynchronizedRootGroup;
			exceptions = (
				3F77D0CF2DA799750005E118 /* Exceptions for "PulseCompanionWatch Watch App" folder in "Assignment7_MAD_0706012310036" target */,
			);
			path = "PulseCompanionWatch Watch App";
			sourceTree = "<group>";
		};
/* End PBXFileSystemSynchronizedRootGroup section */

/* Begin PBXFrameworksBuildPhase section */
		3F7DFD4B2DA78DF400A6B2B8 /* Frameworks */ = {
			isa = PBXFrameworksBuildPhase;
			buildActionMask = 2147483647;
			files = (
				3F77D0C52DA795770005E118 /* WatchConnectivity.framework in Frameworks */,
			);
			runOnlyForDeploymentPostprocessing = 0;
		};
		3F7DFD6D2DA78FDB00A6B2B8 /* Frameworks */ = {
			isa = PBXFrameworksBuildPhase;
			buildActionMask = 2147483647;
			files = (
			);
			runOnlyForDeploymentPostprocessing = 0;
		};
		3F7DFDE42DA792E300A6B2B8 /* Frameworks */ = {
			isa = PBXFrameworksBuildPhase;
			buildActionMask = 2147483647;
			files = (
				3F77D0C32DA7956A0005E118 /* WatchConnectivity.framework in Frameworks */,
			);
			runOnlyForDeploymentPostprocessing = 0;
		};
/* End PBXFrameworksBuildPhase section */

/* Begin PBXGroup section */
		3F77D0C12DA7956A0005E118 /* Frameworks */ = {
			isa = PBXGroup;
			children = (
				3F77D0C42DA795770005E118 /* WatchConnectivity.framework */,
				3F77D0C22DA7956A0005E118 /* WatchConnectivity.framework */,
			);
			name = Frameworks;
			sourceTree = "<group>";
		};
		3F7DFD452DA78DF400A6B2B8 = {
			isa = PBXGroup;
			children = (
				3F7DFD502DA78DF400A6B2B8 /* Assignment7_MAD_0706012310036 */,
				3F7DFD712DA78FDB00A6B2B8 /* PulseCompanionMac */,
				3F7DFDE82DA792E300A6B2B8 /* PulseCompanionWatch Watch App */,
				3F77D0C12DA7956A0005E118 /* Frameworks */,
				3F7DFD4F2DA78DF400A6B2B8 /* Products */,
			);
			sourceTree = "<group>";
		};
		3F7DFD4F2DA78DF400A6B2B8 /* Products */ = {
			isa = PBXGroup;
			children = (
				3F7DFD4E2DA78DF400A6B2B8 /* Assignment7_MAD_0706012310036.app */,
				3F7DFD702DA78FDB00A6B2B8 /* PulseCompanionMac.app */,
				3F7DFDE72DA792E300A6B2B8 /* PulseCompanionWatch Watch App.app */,
			);
			name = Products;
			sourceTree = "<group>";
		};
/* End PBXGroup section */

/* Begin PBXNativeTarget section */
		3F7DFD4D2DA78DF400A6B2B8 /* Assignment7_MAD_0706012310036 */ = {
			isa = PBXNativeTarget;
			buildConfigurationList = 3F7DFD5C2DA78DF400A6B2B8 /* Build configuration list for PBXNativeTarget "Assignment7_MAD_0706012310036" */;
			buildPhases = (
				3F7DFD4A2DA78DF400A6B2B8 /* Sources */,
				3F7DFD4B2DA78DF400A6B2B8 /* Frameworks */,
				3F7DFD4C2DA78DF400A6B2B8 /* Resources */,
				3F7DFDA82DA7917800A6B2B8 /* Embed Watch Content */,
			);
			buildRules = (
			);
			dependencies = (
				3F7DFDF32DA792E400A6B2B8 /* PBXTargetDependency */,
			);
			fileSystemSynchronizedGroups = (
				3F7DFD502DA78DF400A6B2B8 /* Assignment7_MAD_0706012310036 */,
			);
			name = Assignment7_MAD_0706012310036;
			packageProductDependencies = (
			);
			productName = Assignment7_MAD_0706012310036;
			productReference = 3F7DFD4E2DA78DF400A6B2B8 /* Assignment7_MAD_0706012310036.app */;
			productType = "com.apple.product-type.application";
		};
		3F7DFD6F2DA78FDB00A6B2B8 /* PulseCompanionMac */ = {
			isa = PBXNativeTarget;
			buildConfigurationList = 3F7DFD7C2DA78FDC00A6B2B8 /* Build configuration list for PBXNativeTarget "PulseCompanionMac" */;
			buildPhases = (
				3F7DFD6C2DA78FDB00A6B2B8 /* Sources */,
				3F7DFD6D2DA78FDB00A6B2B8 /* Frameworks */,
				3F7DFD6E2DA78FDB00A6B2B8 /* Resources */,
			);
			buildRules = (
			);
			dependencies = (
			);
			fileSystemSynchronizedGroups = (
				3F7DFD712DA78FDB00A6B2B8 /* PulseCompanionMac */,
			);
			name = PulseCompanionMac;
			packageProductDependencies = (
			);
			productName = PulseCompanionMac;
			productReference = 3F7DFD702DA78FDB00A6B2B8 /* PulseCompanionMac.app */;
			productType = "com.apple.product-type.application";
		};
		3F7DFDE62DA792E300A6B2B8 /* PulseCompanionWatch Watch App */ = {
			isa = PBXNativeTarget;
			buildConfigurationList = 3F7DFDF52DA792E400A6B2B8 /* Build configuration list for PBXNativeTarget "PulseCompanionWatch Watch App" */;
			buildPhases = (
				3F7DFDE32DA792E300A6B2B8 /* Sources */,
				3F7DFDE42DA792E300A6B2B8 /* Frameworks */,
				3F7DFDE52DA792E300A6B2B8 /* Resources */,
			);
			buildRules = (
			);
			dependencies = (
			);
			fileSystemSynchronizedGroups = (
				3F7DFDE82DA792E300A6B2B8 /* PulseCompanionWatch Watch App */,
			);
			name = "PulseCompanionWatch Watch App";
			packageProductDependencies = (
			);
			productName = "PulseCompanionWatch Watch App";
			productReference = 3F7DFDE72DA792E300A6B2B8 /* PulseCompanionWatch Watch App.app */;
			productType = "com.apple.product-type.application";
		};
/* End PBXNativeTarget section */

/* Begin PBXProject section */
		3F7DFD462DA78DF400A6B2B8 /* Project object */ = {
			isa = PBXProject;
			attributes = {
				BuildIndependentTargetsInParallel = 1;
				LastSwiftUpdateCheck = 1620;
				LastUpgradeCheck = 1620;
				TargetAttributes = {
					3F7DFD4D2DA78DF400A6B2B8 = {
						CreatedOnToolsVersion = 16.2;
					};
					3F7DFD6F2DA78FDB00A6B2B8 = {
						CreatedOnToolsVersion = 16.2;
					};
					3F7DFDE62DA792E300A6B2B8 = {
						CreatedOnToolsVersion = 16.2;
					};
				};
			};
			buildConfigurationList = 3F7DFD492DA78DF400A6B2B8 /* Build configuration list for PBXProject "Assignment7_MAD_0706012310036" */;
			developmentRegion = en;
			hasScannedForEncodings = 0;
			knownRegions = (
				en,
				Base,
			);
			mainGroup = 3F7DFD452DA78DF400A6B2B8;
			minimizedProjectReferenceProxies = 1;
			preferredProjectObjectVersion = 77;
			productRefGroup = 3F7DFD4F2DA78DF400A6B2B8 /* Products */;
			projectDirPath = "";
			projectRoot = "";
			targets = (
				3F7DFD4D2DA78DF400A6B2B8 /* Assignment7_MAD_0706012310036 */,
				3F7DFD6F2DA78FDB00A6B2B8 /* PulseCompanionMac */,
				3F7DFDE62DA792E300A6B2B8 /* PulseCompanionWatch Watch App */,
			);
		};
/* End PBXProject section */

/* Begin PBXResourcesBuildPhase section */
		3F7DFD4C2DA78DF400A6B2B8 /* Resources */ = {
			isa = PBXResourcesBuildPhase;
			buildActionMask = 2147483647;
			files = (
			);
			runOnlyForDeploymentPostprocessing = 0;
		};
		3F7DFD6E2DA78FDB00A6B2B8 /* Resources */ = {
			isa = PBXResourcesBuildPhase;
			buildActionMask = 2147483647;
			files = (
			);
			runOnlyForDeploymentPostprocessing = 0;
		};
		3F7DFDE52DA792E300A6B2B8 /* Resources */ = {
			isa = PBXResourcesBuildPhase;
			buildActionMask = 2147483647;
			files = (
			);
			runOnlyForDeploymentPostprocessing = 0;
		};
/* End PBXResourcesBuildPhase section */

/* Begin PBXSourcesBuildPhase section */
		3F7DFD4A2DA78DF400A6B2B8 /* Sources */ = {
			isa = PBXSourcesBuildPhase;
			buildActionMask = 2147483647;
			files = (
			);
			runOnlyForDeploymentPostprocessing = 0;
		};
		3F7DFD6C2DA78FDB00A6B2B8 /* Sources */ = {
			isa = PBXSourcesBuildPhase;
			buildActionMask = 2147483647;
			files = (
			);
			runOnlyForDeploymentPostprocessing = 0;
		};
		3F7DFDE32DA792E300A6B2B8 /* Sources */ = {
			isa = PBXSourcesBuildPhase;
			buildActionMask = 2147483647;
			files = (
			);
			runOnlyForDeploymentPostprocessing = 0;
		};
/* End PBXSourcesBuildPhase section */

/* Begin PBXTargetDependency section */
		3F7DFDF32DA792E400A6B2B8 /* PBXTargetDependency */ = {
			isa = PBXTargetDependency;
			target = 3F7DFDE62DA792E300A6B2B8 /* PulseCompanionWatch Watch App */;
			targetProxy = 3F7DFDF22DA792E400A6B2B8 /* PBXContainerItemProxy */;
		};
/* End PBXTargetDependency section */

/* Begin XCBuildConfiguration section */
		3F7DFD5A2DA78DF400A6B2B8 /* Debug */ = {
			isa = XCBuildConfiguration;
			buildSettings = {
				ALWAYS_SEARCH_USER_PATHS = NO;
				ASSETCATALOG_COMPILER_GENERATE_SWIFT_ASSET_SYMBOL_EXTENSIONS = YES;
				CLANG_ANALYZER_NONNULL = YES;
				CLANG_ANALYZER_NUMBER_OBJECT_CONVERSION = YES_AGGRESSIVE;
				CLANG_CXX_LANGUAGE_STANDARD = "gnu++20";
				CLANG_ENABLE_MODULES = YES;
				CLANG_ENABLE_OBJC_ARC = YES;
				CLANG_ENABLE_OBJC_WEAK = YES;
				CLANG_WARN_BLOCK_CAPTURE_AUTORELEASING = YES;
				CLANG_WARN_BOOL_CONVERSION = YES;
				CLANG_WARN_COMMA = YES;
				CLANG_WARN_CONSTANT_CONVERSION = YES;
				CLANG_WARN_DEPRECATED_OBJC_IMPLEMENTATIONS = YES;
				CLANG_WARN_DIRECT_OBJC_ISA_USAGE = YES_ERROR;
				CLANG_WARN_DOCUMENTATION_COMMENTS = YES;
				CLANG_WARN_EMPTY_BODY = YES;
				CLANG_WARN_ENUM_CONVERSION = YES;
				CLANG_WARN_INFINITE_RECURSION = YES;
				CLANG_WARN_INT_CONVERSION = YES;
				CLANG_WARN_NON_LITERAL_NULL_CONVERSION = YES;
				CLANG_WARN_OBJC_IMPLICIT_RETAIN_SELF = YES;
				CLANG_WARN_OBJC_LITERAL_CONVERSION = YES;
				CLANG_WARN_OBJC_ROOT_CLASS = YES_ERROR;
				CLANG_WARN_QUOTED_INCLUDE_IN_FRAMEWORK_HEADER = YES;
				CLANG_WARN_RANGE_LOOP_ANALYSIS = YES;
				CLANG_WARN_STRICT_PROTOTYPES = YES;
				CLANG_WARN_SUSPICIOUS_MOVE = YES;
				CLANG_WARN_UNGUARDED_AVAILABILITY = YES_AGGRESSIVE;
				CLANG_WARN_UNREACHABLE_CODE = YES;
				CLANG_WARN__DUPLICATE_METHOD_MATCH = YES;
				COPY_PHASE_STRIP = NO;
				DEBUG_INFORMATION_FORMAT = dwarf;
				ENABLE_STRICT_OBJC_MSGSEND = YES;
				ENABLE_TESTABILITY = YES;
				ENABLE_USER_SCRIPT_SANDBOXING = YES;
				GCC_C_LANGUAGE_STANDARD = gnu17;
				GCC_DYNAMIC_NO_PIC = NO;
				GCC_NO_COMMON_BLOCKS = YES;
				GCC_OPTIMIZATION_LEVEL = 0;
				GCC_PREPROCESSOR_DEFINITIONS = (
					"DEBUG=1",
					"$(inherited)",
				);
				GCC_WARN_64_TO_32_BIT_CONVERSION = YES;
				GCC_WARN_ABOUT_RETURN_TYPE = YES_ERROR;
				GCC_WARN_UNDECLARED_SELECTOR = YES;
				GCC_WARN_UNINITIALIZED_AUTOS = YES_AGGRESSIVE;
				GCC_WARN_UNUSED_FUNCTION = YES;
				GCC_WARN_UNUSED_VARIABLE = YES;
				IPHONEOS_DEPLOYMENT_TARGET = 18.2;
				LOCALIZATION_PREFERS_STRING_CATALOGS = YES;
				MTL_ENABLE_DEBUG_INFO = INCLUDE_SOURCE;
				MTL_FAST_MATH = YES;
				ONLY_ACTIVE_ARCH = YES;
				SDKROOT = iphoneos;
				SWIFT_ACTIVE_COMPILATION_CONDITIONS = "DEBUG $(inherited)";
				SWIFT_OPTIMIZATION_LEVEL = "-Onone";
			};
			name = Debug;
		};
		3F7DFD5B2DA78DF400A6B2B8 /* Release */ = {
			isa = XCBuildConfiguration;
			buildSettings = {
				ALWAYS_SEARCH_USER_PATHS = NO;
				ASSETCATALOG_COMPILER_GENERATE_SWIFT_ASSET_SYMBOL_EXTENSIONS = YES;
				CLANG_ANALYZER_NONNULL = YES;
				CLANG_ANALYZER_NUMBER_OBJECT_CONVERSION = YES_AGGRESSIVE;
				CLANG_CXX_LANGUAGE_STANDARD = "gnu++20";
				CLANG_ENABLE_MODULES = YES;
				CLANG_ENABLE_OBJC_ARC = YES;
				CLANG_ENABLE_OBJC_WEAK = YES;
				CLANG_WARN_BLOCK_CAPTURE_AUTORELEASING = YES;
				CLANG_WARN_BOOL_CONVERSION = YES;
				CLANG_WARN_COMMA = YES;
				CLANG_WARN_CONSTANT_CONVERSION = YES;
				CLANG_WARN_DEPRECATED_OBJC_IMPLEMENTATIONS = YES;
				CLANG_WARN_DIRECT_OBJC_ISA_USAGE = YES_ERROR;
				CLANG_WARN_DOCUMENTATION_COMMENTS = YES;
				CLANG_WARN_EMPTY_BODY = YES;
				CLANG_WARN_ENUM_CONVERSION = YES;
				CLANG_WARN_INFINITE_RECURSION = YES;
				CLANG_WARN_INT_CONVERSION = YES;
				CLANG_WARN_NON_LITERAL_NULL_CONVERSION = YES;
				CLANG_WARN_OBJC_IMPLICIT_RETAIN_SELF = YES;
				CLANG_WARN_OBJC_LITERAL_CONVERSION = YES;
				CLANG_WARN_OBJC_ROOT_CLASS = YES_ERROR;
				CLANG_WARN_QUOTED_INCLUDE_IN_FRAMEWORK_HEADER = YES;
				CLANG_WARN_RANGE_LOOP_ANALYSIS = YES;
				CLANG_WARN_STRICT_PROTOTYPES = YES;
				CLANG_WARN_SUSPICIOUS_MOVE = YES;
				CLANG_WARN_UNGUARDED_AVAILABILITY = YES_AGGRESSIVE;
				CLANG_WARN_UNREACHABLE_CODE = YES;
				CLANG_WARN__DUPLICATE_METHOD_MATCH = YES;
				COPY_PHASE_STRIP = NO;
				DEBUG_INFORMATION_FORMAT = "dwarf-with-dsym";
				ENABLE_NS_ASSERTIONS = NO;
				ENABLE_STRICT_OBJC_MSGSEND = YES;
				ENABLE_USER_SCRIPT_SANDBOXING = YES;
				GCC_C_LANGUAGE_STANDARD = gnu17;
				GCC_NO_COMMON_BLOCKS = YES;
				GCC_WARN_64_TO_32_BIT_CONVERSION = YES;
				GCC_WARN_ABOUT_RETURN_TYPE = YES_ERROR;
				GCC_WARN_UNDECLARED_SELECTOR = YES;
				GCC_WARN_UNINITIALIZED_AUTOS = YES_AGGRESSIVE;
				GCC_WARN_UNUSED_FUNCTION = YES;
				GCC_WARN_UNUSED_VARIABLE = YES;
				IPHONEOS_DEPLOYMENT_TARGET = 18.2;
				LOCALIZATION_PREFERS_STRING_CATALOGS = YES;
				MTL_ENABLE_DEBUG_INFO = NO;
				MTL_FAST_MATH = YES;
				SDKROOT = iphoneos;
				SWIFT_COMPILATION_MODE = wholemodule;
				VALIDATE_PRODUCT = YES;
			};
			name = Release;
		};
		3F7DFD5D2DA78DF400A6B2B8 /* Debug */ = {
			isa = XCBuildConfiguration;
			buildSettings = {
				ASSETCATALOG_COMPILER_APPICON_NAME = AppIcon;
				ASSETCATALOG_COMPILER_GLOBAL_ACCENT_COLOR_NAME = AccentColor;
				CODE_SIGN_STYLE = Automatic;
				CURRENT_PROJECT_VERSION = 1;
				DEVELOPMENT_ASSET_PATHS = "\"Assignment7_MAD_0706012310036/Preview Content\"";
				ENABLE_PREVIEWS = YES;
				GENERATE_INFOPLIST_FILE = YES;
				INFOPLIST_KEY_UIApplicationSceneManifest_Generation = YES;
				INFOPLIST_KEY_UIApplicationSupportsIndirectInputEvents = YES;
				INFOPLIST_KEY_UILaunchScreen_Generation = YES;
				INFOPLIST_KEY_UISupportedInterfaceOrientations_iPad = "UIInterfaceOrientationPortrait UIInterfaceOrientationPortraitUpsideDown UIInterfaceOrientationLandscapeLeft UIInterfaceOrientationLandscapeRight";
				INFOPLIST_KEY_UISupportedInterfaceOrientations_iPhone = "UIInterfaceOrientationPortrait UIInterfaceOrientationLandscapeLeft UIInterfaceOrientationLandscapeRight";
				LD_RUNPATH_SEARCH_PATHS = (
					"$(inherited)",
					"@executable_path/Frameworks",
				);
				MARKETING_VERSION = 1.0;
				PRODUCT_BUNDLE_IDENTIFIER = "uc.Assignment7-MAD-0706012310036";
				PRODUCT_NAME = "$(TARGET_NAME)";
				SWIFT_EMIT_LOC_STRINGS = YES;
				SWIFT_VERSION = 5.0;
				TARGETED_DEVICE_FAMILY = "1,2";
			};
			name = Debug;
		};
		3F7DFD5E2DA78DF400A6B2B8 /* Release */ = {
			isa = XCBuildConfiguration;
			buildSettings = {
				ASSETCATALOG_COMPILER_APPICON_NAME = AppIcon;
				ASSETCATALOG_COMPILER_GLOBAL_ACCENT_COLOR_NAME = AccentColor;
				CODE_SIGN_STYLE = Automatic;
				CURRENT_PROJECT_VERSION = 1;
				DEVELOPMENT_ASSET_PATHS = "\"Assignment7_MAD_0706012310036/Preview Content\"";
				ENABLE_PREVIEWS = YES;
				GENERATE_INFOPLIST_FILE = YES;
				INFOPLIST_KEY_UIApplicationSceneManifest_Generation = YES;
				INFOPLIST_KEY_UIApplicationSupportsIndirectInputEvents = YES;
				INFOPLIST_KEY_UILaunchScreen_Generation = YES;
				INFOPLIST_KEY_UISupportedInterfaceOrientations_iPad = "UIInterfaceOrientationPortrait UIInterfaceOrientationPortraitUpsideDown UIInterfaceOrientationLandscapeLeft UIInterfaceOrientationLandscapeRight";
				INFOPLIST_KEY_UISupportedInterfaceOrientations_iPhone = "UIInterfaceOrientationPortrait UIInterfaceOrientationLandscapeLeft UIInterfaceOrientationLandscapeRight";
				LD_RUNPATH_SEARCH_PATHS = (
					"$(inherited)",
					"@executable_path/Frameworks",
				);
				MARKETING_VERSION = 1.0;
				PRODUCT_BUNDLE_IDENTIFIER = "uc.Assignment7-MAD-0706012310036";
				PRODUCT_NAME = "$(TARGET_NAME)";
				SWIFT_EMIT_LOC_STRINGS = YES;
				SWIFT_VERSION = 5.0;
				TARGETED_DEVICE_FAMILY = "1,2";
			};
			name = Release;
		};
		3F7DFD7D2DA78FDC00A6B2B8 /* Debug */ = {
			isa = XCBuildConfiguration;
			buildSettings = {
				ASSETCATALOG_COMPILER_APPICON_NAME = AppIcon;
				ASSETCATALOG_COMPILER_GLOBAL_ACCENT_COLOR_NAME = AccentColor;
				CODE_SIGN_ENTITLEMENTS = PulseCompanionMac/PulseCompanionMac.entitlements;
				CODE_SIGN_STYLE = Automatic;
				COMBINE_HIDPI_IMAGES = YES;
				CURRENT_PROJECT_VERSION = 1;
				DEVELOPMENT_ASSET_PATHS = "\"PulseCompanionMac/Preview Content\"";
				ENABLE_PREVIEWS = YES;
				GENERATE_INFOPLIST_FILE = YES;
				INFOPLIST_KEY_NSHumanReadableCopyright = "";
				LD_RUNPATH_SEARCH_PATHS = (
					"$(inherited)",
					"@executable_path/../Frameworks",
				);
				MACOSX_DEPLOYMENT_TARGET = 15.2;
				MARKETING_VERSION = 1.0;
				PRODUCT_BUNDLE_IDENTIFIER = uc.PulseCompanionMac;
				PRODUCT_NAME = "$(TARGET_NAME)";
				SDKROOT = macosx;
				SWIFT_EMIT_LOC_STRINGS = YES;
				SWIFT_VERSION = 5.0;
			};
			name = Debug;
		};
		3F7DFD7E2DA78FDC00A6B2B8 /* Release */ = {
			isa = XCBuildConfiguration;
			buildSettings = {
				ASSETCATALOG_COMPILER_APPICON_NAME = AppIcon;
				ASSETCATALOG_COMPILER_GLOBAL_ACCENT_COLOR_NAME = AccentColor;
				CODE_SIGN_ENTITLEMENTS = PulseCompanionMac/PulseCompanionMac.entitlements;
				CODE_SIGN_STYLE = Automatic;
				COMBINE_HIDPI_IMAGES = YES;
				CURRENT_PROJECT_VERSION = 1;
				DEVELOPMENT_ASSET_PATHS = "\"PulseCompanionMac/Preview Content\"";
				ENABLE_PREVIEWS = YES;
				GENERATE_INFOPLIST_FILE = YES;
				INFOPLIST_KEY_NSHumanReadableCopyright = "";
				LD_RUNPATH_SEARCH_PATHS = (
					"$(inherited)",
					"@executable_path/../Frameworks",
				);
				MACOSX_DEPLOYMENT_TARGET = 15.2;
				MARKETING_VERSION = 1.0;
				PRODUCT_BUNDLE_IDENTIFIER = uc.PulseCompanionMac;
				PRODUCT_NAME = "$(TARGET_NAME)";
				SDKROOT = macosx;
				SWIFT_EMIT_LOC_STRINGS = YES;
				SWIFT_VERSION = 5.0;
			};
			name = Release;
		};
		3F7DFDF62DA792E400A6B2B8 /* Debug */ = {
			isa = XCBuildConfiguration;
			buildSettings = {
				ASSETCATALOG_COMPILER_APPICON_NAME = AppIcon;
				ASSETCATALOG_COMPILER_GLOBAL_ACCENT_COLOR_NAME = AccentColor;
				CODE_SIGN_STYLE = Automatic;
				CURRENT_PROJECT_VERSION = 1;
				DEVELOPMENT_ASSET_PATHS = "\"PulseCompanionWatch Watch App/Preview Content\"";
				ENABLE_PREVIEWS = YES;
				GENERATE_INFOPLIST_FILE = YES;
				INFOPLIST_KEY_CFBundleDisplayName = PulseCompanionWatch;
				INFOPLIST_KEY_UISupportedInterfaceOrientations = "UIInterfaceOrientationPortrait UIInterfaceOrientationPortraitUpsideDown";
				INFOPLIST_KEY_WKCompanionAppBundleIdentifier = "uc.Assignment7-MAD-0706012310036";
				LD_RUNPATH_SEARCH_PATHS = (
					"$(inherited)",
					"@executable_path/Frameworks",
				);
				MARKETING_VERSION = 1.0;
				PRODUCT_BUNDLE_IDENTIFIER = "uc.Assignment7-MAD-0706012310036.watchkitapp";
				PRODUCT_NAME = "$(TARGET_NAME)";
				SDKROOT = watchos;
				SKIP_INSTALL = YES;
				SWIFT_EMIT_LOC_STRINGS = YES;
				SWIFT_VERSION = 5.0;
				TARGETED_DEVICE_FAMILY = 4;
				WATCHOS_DEPLOYMENT_TARGET = 11.2;
			};
			name = Debug;
		};
		3F7DFDF72DA792E400A6B2B8 /* Release */ = {
			isa = XCBuildConfiguration;
			buildSettings = {
				ASSETCATALOG_COMPILER_APPICON_NAME = AppIcon;
				ASSETCATALOG_COMPILER_GLOBAL_ACCENT_COLOR_NAME = AccentColor;
				CODE_SIGN_STYLE = Automatic;
				CURRENT_PROJECT_VERSION = 1;
				DEVELOPMENT_ASSET_PATHS = "\"PulseCompanionWatch Watch App/Preview Content\"";
				ENABLE_PREVIEWS = YES;
				GENERATE_INFOPLIST_FILE = YES;
				INFOPLIST_KEY_CFBundleDisplayName = PulseCompanionWatch;
				INFOPLIST_KEY_UISupportedInterfaceOrientations = "UIInterfaceOrientationPortrait UIInterfaceOrientationPortraitUpsideDown";
				INFOPLIST_KEY_WKCompanionAppBundleIdentifier = "uc.Assignment7-MAD-0706012310036";
				LD_RUNPATH_SEARCH_PATHS = (
					"$(inherited)",
					"@executable_path/Frameworks",
				);
				MARKETING_VERSION = 1.0;
				PRODUCT_BUNDLE_IDENTIFIER = "uc.Assignment7-MAD-0706012310036.watchkitapp";
				PRODUCT_NAME = "$(TARGET_NAME)";
				SDKROOT = watchos;
				SKIP_INSTALL = YES;
				SWIFT_EMIT_LOC_STRINGS = YES;
				SWIFT_VERSION = 5.0;
				TARGETED_DEVICE_FAMILY = 4;
				WATCHOS_DEPLOYMENT_TARGET = 11.2;
			};
			name = Release;
		};
/* End XCBuildConfiguration section */

/* Begin XCConfigurationList section */
		3F7DFD492DA78DF400A6B2B8 /* Build configuration list for PBXProject "Assignment7_MAD_0706012310036" */ = {
			isa = XCConfigurationList;
			buildConfigurations = (
				3F7DFD5A2DA78DF400A6B2B8 /* Debug */,
				3F7DFD5B2DA78DF400A6B2B8 /* Release */,
			);
			defaultConfigurationIsVisible = 0;
			defaultConfigurationName = Release;
		};
		3F7DFD5C2DA78DF400A6B2B8 /* Build configuration list for PBXNativeTarget "Assignment7_MAD_0706012310036" */ = {
			isa = XCConfigurationList;
			buildConfigurations = (
				3F7DFD5D2DA78DF400A6B2B8 /* Debug */,
				3F7DFD5E2DA78DF400A6B2B8 /* Release */,
			);
			defaultConfigurationIsVisible = 0;
			defaultConfigurationName = Release;
		};
		3F7DFD7C2DA78FDC00A6B2B8 /* Build configuration list for PBXNativeTarget "PulseCompanionMac" */ = {
			isa = XCConfigurationList;
			buildConfigurations = (
				3F7DFD7D2DA78FDC00A6B2B8 /* Debug */,
				3F7DFD7E2DA78FDC00A6B2B8 /* Release */,
			);
			defaultConfigurationIsVisible = 0;
			defaultConfigurationName = Release;
		};
		3F7DFDF52DA792E400A6B2B8 /* Build configuration list for PBXNativeTarget "PulseCompanionWatch Watch App" */ = {
			isa = XCConfigurationList;
			buildConfigurations = (
				3F7DFDF62DA792E400A6B2B8 /* Debug */,
				3F7DFDF72DA792E400A6B2B8 /* Release */,
			);
			defaultConfigurationIsVisible = 0;
			defaultConfigurationName = Release;
		};
/* End XCConfigurationList section */
	};
	rootObject = 3F7DFD462DA78DF400A6B2B8 /* Project object */;
}
